
Microsoft Visual Studio Solution File, Format Version 12.00
# Visual Studio Version 16
VisualStudioVersion = 16.0.29201.188
MinimumVisualStudioVersion = 10.0.40219.1
Project("{FAE04EC0-301F-11D3-BF4B-00C04F79EFBC}") = "DrawingCircle", "DrawingCircle\DrawingCircle.csproj", "{7B68CB43-8722-468A-8399-0656A8B7E2EF}"
EndProject
Global
	GlobalSection(SolutionConfigurationPlatforms) = preSolution
		Debug|Any CPU = Debug|Any CPU
		Release|Any CPU = Release|Any CPU
	EndGlobalSection
	GlobalSection(ProjectConfigurationPlatforms) = postSolution
		{7B68CB43-8722-468A-8399-0656A8B7E2EF}.Debug|Any CPU.ActiveCfg = Debug|Any CPU
		{7B68CB43-8722-468A-8399-0656A8B7E2EF}.Debug|Any CPU.Build.0 = Debug|Any CPU
		{7B68CB43-8722-468A-8399-0656A8B7E2EF}.Release|Any CPU.ActiveCfg = Release|Any CPU
		{7B68CB43-8722-468A-8399-0656A8B7E2EF}.Release|Any CPU.Build.0 = Release|Any CPU
	EndGlobalSection
	GlobalSection(SolutionProperties) = preSolution
		HideSolutionNode = FALSE
	EndGlobalSection
	GlobalSection(ExtensibilityGlobals) = postSolution
		SolutionGuid = {6651F752-3FAA-4ECB-A524-B71D9D3A21C7}
	EndGlobalSection
EndGlobal
